PODS:
  - AEAccordion (1.0.3)
  - AEXibceptionView (1.0.3)
  - BSForegroundNotification (0.3.1)
  - CircleProgressView (1.0.10)
  - ConcentricProgressRingView (1.3.3):
    - LionheartExtensions
  - IQKeyboardManager (4.0.4)
  - LionheartExtensions (1.8.0):
    - LionheartExtensions/Core (= 1.8.0)
  - LionheartExtensions/Core (1.8.0)
  - MGSwipeTableCell (1.5.5)
  - MKRingProgressView (1.0.1)
  - MZTimerLabel (0.5.4)
  - Realm (1.0.2):
    - Realm/Headers (= 1.0.2)
  - Realm/Headers (1.0.2)
  - RealmSwift (1.0.2):
    - Realm (= 1.0.2)
  - Spring (1.0.3)
  - SwiftyTimer (1.4.0)
  - SwiftyUserDefaults (2.2.0)
  - SWTableViewCell (0.3.7)

DEPENDENCIES:
  - AEAccordion
  - AEXibceptionView
  - BSForegroundNotification
  - CircleProgressView (from `https://github.com/CardinalNow/iOS-CircleProgressView.git`)
  - ConcentricProgressRingView
  - IQKeyboardManager
  - LionheartExtensions
  - MGSwipeTableCell
  - MKRingProgressView
  - MZTimerLabel
  - RealmSwift
  - Spring (from `https://github.com/MengTo/Spring.git`, branch `swift2`)
  - SwiftyTimer
  - SwiftyUserDefaults
  - SWTableViewCell

EXTERNAL SOURCES:
  CircleProgressView:
    :git: https://github.com/CardinalNow/iOS-CircleProgressView.git
  Spring:
    :branch: swift2
    :git: https://github.com/MengTo/Spring.git

CHECKOUT OPTIONS:
  CircleProgressView:
    :commit: 89f1aaa52fe492d42a6dfe77a6ac1c7012e5e707
    :git: https://github.com/CardinalNow/iOS-CircleProgressView.git
  Spring:
    :commit: 18d5c7b74489de8044e34767f856d1e574f0820e
    :git: https://github.com/MengTo/Spring.git

SPEC CHECKSUMS:
  AEAccordion: 4a6b3b938fc9abe8a20d7e9e238a50a5eae02572
  AEXibceptionView: cb1e5696c2cf1283a8d083406928222c9b59608e
  BSForegroundNotification: 47c9042b34d62dae79cd6424c1c0480a94671c47
  CircleProgressView: 5116fc2d3be792d755e6979d7f7309648de79d11
  ConcentricProgressRingView: d342fef62dddcde119c07ce945f79094e6e58455
  IQKeyboardManager: 4a6f83b540283c2645aaeba2bd8dc0f09b5c77f8
  LionheartExtensions: c3771293fed4b369e0f4a5dac730319460774247
  MGSwipeTableCell: bafeb5f351124544c9364ecbdf24c7b06a37d340
  MKRingProgressView: 935ea328a986731018d5c1000d3ac09256b059e6
  MZTimerLabel: cd9bfb9304540ef2a9e163384fca9c978f0dbf83
  Realm: 9d5c46a4d7d27958530a8dfc58f63a99e5c2cba3
  RealmSwift: 82f3ac5e24530143dddfde2033acc0d308f27d96
  Spring: 3f02b5dc3308572ef177b3cad0fa7bbc4b0706f7
  SwiftyTimer: db4458cfaf67fc71e16ad6e4637c60b86f76a649
  SwiftyUserDefaults: e7c8197a9d4068702e7f2406a968cae413b8de27
  SWTableViewCell: 2a94aadc9d47b2b611fa064566bf57948b95b579

PODFILE CHECKSUM: 5c902f2b9db2e5d66364f1c74f6a939985f96ca2

COCOAPODS: 1.0.1
