PODS:
  - IQKeyboardManager (4.0.4)
  - MGSwipeTableCell (1.5.5)
  - SWTableViewCell (0.3.7)

DEPENDENCIES:
  - IQKeyboardManager
  - MGSwipeTableCell
  - SWTableViewCell (~> 0.3.7)

SPEC CHECKSUMS:
  IQKeyboardManager: 4a6f83b540283c2645aaeba2bd8dc0f09b5c77f8
  MGSwipeTableCell: bafeb5f351124544c9364ecbdf24c7b06a37d340
  SWTableViewCell: 2a94aadc9d47b2b611fa064566bf57948b95b579

PODFILE CHECKSUM: fe7dc9bcb12d5c77712032e81583c57bccac06fa

COCOAPODS: 1.0.1
