// !$*UTF8*$!
{
	archiveVersion = 1;
	classes = {
	};
	objectVersion = 46;
	objects = {

/* Begin PBXBuildFile section */
		0F167FDC1D408C1D0075AEE9 /* MKGradientGenerator.swift in Sources */ = {isa = PBXBuildFile; fileRef = 0F167FDA1D408C1D0075AEE9 /* MKGradientGenerator.swift */; };
		0F167FDD1D408C1D0075AEE9 /* MKRingProgressView.swift in Sources */ = {isa = PBXBuildFile; fileRef = 0F167FDB1D408C1D0075AEE9 /* MKRingProgressView.swift */; };
		0F167FE41D4096B00075AEE9 /* .gitkeep in Resources */ = {isa = PBXBuildFile; fileRef = 0F167FE01D4096B00075AEE9 /* .gitkeep */; };
		0F167FE51D4096B00075AEE9 /* .gitkeep in Resources */ = {isa = PBXBuildFile; fileRef = 0F167FE21D4096B00075AEE9 /* .gitkeep */; };
		0F167FE61D4096B00075AEE9 /* ConcentricProgressRing.swift in Sources */ = {isa = PBXBuildFile; fileRef = 0F167FE31D4096B00075AEE9 /* ConcentricProgressRing.swift */; };
		0F2344D31D41402300FE12B2 /* PreferencesViewController.swift in Sources */ = {isa = PBXBuildFile; fileRef = 0F2344D21D41402300FE12B2 /* PreferencesViewController.swift */; };
		0F2D075B1D3FE587007B815A /* NewFocusViewController.swift in Sources */ = {isa = PBXBuildFile; fileRef = 0F2D075A1D3FE587007B815A /* NewFocusViewController.swift */; };
		0F4355411D3C9A7F001764AB /* RealmHelper.swift in Sources */ = {isa = PBXBuildFile; fileRef = 0F4355401D3C9A7F001764AB /* RealmHelper.swift */; };
		0F586CCD1D49471300B1697B /* PlaceholderTableViewCell.swift in Sources */ = {isa = PBXBuildFile; fileRef = 0F586CCC1D49471300B1697B /* PlaceholderTableViewCell.swift */; };
		0F6E6D371D36AC4200FF8A76 /* DisplayTaskViewController.swift in Sources */ = {isa = PBXBuildFile; fileRef = 0F6E6D361D36AC4200FF8A76 /* DisplayTaskViewController.swift */; };
		0F84FBC81D474478001E75E8 /* PriorityHeaderView.swift in Sources */ = {isa = PBXBuildFile; fileRef = 0F84FBC71D474478001E75E8 /* PriorityHeaderView.swift */; };
		0F84FBCA1D474495001E75E8 /* PriorityHeaderView.xib in Resources */ = {isa = PBXBuildFile; fileRef = 0F84FBC91D474495001E75E8 /* PriorityHeaderView.xib */; };
		0F909CEF1D4BE221008C81D1 /* QuickRearrangeTableView.swift in Sources */ = {isa = PBXBuildFile; fileRef = 0F909CEE1D4BE221008C81D1 /* QuickRearrangeTableView.swift */; };
		0F909CF51D4C0209008C81D1 /* TasksTableView.swift in Sources */ = {isa = PBXBuildFile; fileRef = 0F909CF41D4C0209008C81D1 /* TasksTableView.swift */; };
		0FA486C11D3406B70075CD9B /* AppDelegate.swift in Sources */ = {isa = PBXBuildFile; fileRef = 0FA486C01D3406B70075CD9B /* AppDelegate.swift */; };
		0FA486C61D3406B70075CD9B /* Main.storyboard in Resources */ = {isa = PBXBuildFile; fileRef = 0FA486C41D3406B70075CD9B /* Main.storyboard */; };
		0FA486C81D3406B70075CD9B /* Assets.xcassets in Resources */ = {isa = PBXBuildFile; fileRef = 0FA486C71D3406B70075CD9B /* Assets.xcassets */; };
		0FA486CB1D3406B70075CD9B /* LaunchScreen.storyboard in Resources */ = {isa = PBXBuildFile; fileRef = 0FA486C91D3406B70075CD9B /* LaunchScreen.storyboard */; };
		0FA486D31D3416400075CD9B /* TasksTableViewController.swift in Sources */ = {isa = PBXBuildFile; fileRef = 0FA486D21D3416400075CD9B /* TasksTableViewController.swift */; };
		0FA486D51D3433490075CD9B /* TaskTableViewCell.swift in Sources */ = {isa = PBXBuildFile; fileRef = 0FA486D41D3433490075CD9B /* TaskTableViewCell.swift */; };
		0FE40A171D3D9D840097CF01 /* DHNavigationController.swift in Sources */ = {isa = PBXBuildFile; fileRef = 0FE40A151D3D9D840097CF01 /* DHNavigationController.swift */; };
		0FE40A181D3D9D840097CF01 /* Int+Extensions.swift in Sources */ = {isa = PBXBuildFile; fileRef = 0FE40A161D3D9D840097CF01 /* Int+Extensions.swift */; };
		2629B616C9A137A8E2E3E1F6 /* Pods_Prioto.framework in Frameworks */ = {isa = PBXBuildFile; fileRef = BA1247242AB93DDBEAB8C8DD /* Pods_Prioto.framework */; };
/* End PBXBuildFile section */

/* Begin PBXFileReference section */
		0F167FDA1D408C1D0075AEE9 /* MKGradientGenerator.swift */ = {isa = PBXFileReference; fileEncoding = 4; lastKnownFileType = sourcecode.swift; path = MKGradientGenerator.swift; sourceTree = "<group>"; };
		0F167FDB1D408C1D0075AEE9 /* MKRingProgressView.swift */ = {isa = PBXFileReference; fileEncoding = 4; lastKnownFileType = sourcecode.swift; path = MKRingProgressView.swift; sourceTree = "<group>"; };
		0F167FE01D4096B00075AEE9 /* .gitkeep */ = {isa = PBXFileReference; fileEncoding = 4; lastKnownFileType = text; path = .gitkeep; sourceTree = "<group>"; };
		0F167FE21D4096B00075AEE9 /* .gitkeep */ = {isa = PBXFileReference; fileEncoding = 4; lastKnownFileType = text; path = .gitkeep; sourceTree = "<group>"; };
		0F167FE31D4096B00075AEE9 /* ConcentricProgressRing.swift */ = {isa = PBXFileReference; fileEncoding = 4; lastKnownFileType = sourcecode.swift; path = ConcentricProgressRing.swift; sourceTree = "<group>"; };
		0F2344D21D41402300FE12B2 /* PreferencesViewController.swift */ = {isa = PBXFileReference; fileEncoding = 4; lastKnownFileType = sourcecode.swift; path = PreferencesViewController.swift; sourceTree = "<group>"; };
		0F2D075A1D3FE587007B815A /* NewFocusViewController.swift */ = {isa = PBXFileReference; fileEncoding = 4; lastKnownFileType = sourcecode.swift; path = NewFocusViewController.swift; sourceTree = "<group>"; };
		0F4355401D3C9A7F001764AB /* RealmHelper.swift */ = {isa = PBXFileReference; fileEncoding = 4; lastKnownFileType = sourcecode.swift; path = RealmHelper.swift; sourceTree = "<group>"; };
		0F586CCC1D49471300B1697B /* PlaceholderTableViewCell.swift */ = {isa = PBXFileReference; fileEncoding = 4; lastKnownFileType = sourcecode.swift; path = PlaceholderTableViewCell.swift; sourceTree = "<group>"; };
		0F6E6D361D36AC4200FF8A76 /* DisplayTaskViewController.swift */ = {isa = PBXFileReference; fileEncoding = 4; lastKnownFileType = sourcecode.swift; path = DisplayTaskViewController.swift; sourceTree = "<group>"; };
		0F84FBC71D474478001E75E8 /* PriorityHeaderView.swift */ = {isa = PBXFileReference; fileEncoding = 4; lastKnownFileType = sourcecode.swift; path = PriorityHeaderView.swift; sourceTree = "<group>"; };
		0F84FBC91D474495001E75E8 /* PriorityHeaderView.xib */ = {isa = PBXFileReference; fileEncoding = 4; lastKnownFileType = file.xib; path = PriorityHeaderView.xib; sourceTree = "<group>"; };
		0F909CEE1D4BE221008C81D1 /* QuickRearrangeTableView.swift */ = {isa = PBXFileReference; fileEncoding = 4; lastKnownFileType = sourcecode.swift; path = QuickRearrangeTableView.swift; sourceTree = "<group>"; };
		0F909CF41D4C0209008C81D1 /* TasksTableView.swift */ = {isa = PBXFileReference; fileEncoding = 4; lastKnownFileType = sourcecode.swift; path = TasksTableView.swift; sourceTree = "<group>"; };
		0FA486BD1D3406B70075CD9B /* Prioto.app */ = {isa = PBXFileReference; explicitFileType = wrapper.application; includeInIndex = 0; path = Prioto.app; sourceTree = BUILT_PRODUCTS_DIR; };
		0FA486C01D3406B70075CD9B /* AppDelegate.swift */ = {isa = PBXFileReference; lastKnownFileType = sourcecode.swift; path = AppDelegate.swift; sourceTree = "<group>"; };
		0FA486C51D3406B70075CD9B /* Base */ = {isa = PBXFileReference; lastKnownFileType = file.storyboard; name = Base; path = Base.lproj/Main.storyboard; sourceTree = "<group>"; };
		0FA486C71D3406B70075CD9B /* Assets.xcassets */ = {isa = PBXFileReference; lastKnownFileType = folder.assetcatalog; path = Assets.xcassets; sourceTree = "<group>"; };
		0FA486CA1D3406B70075CD9B /* Base */ = {isa = PBXFileReference; lastKnownFileType = file.storyboard; name = Base; path = Base.lproj/LaunchScreen.storyboard; sourceTree = "<group>"; };
		0FA486CC1D3406B70075CD9B /* Info.plist */ = {isa = PBXFileReference; lastKnownFileType = text.plist.xml; path = Info.plist; sourceTree = "<group>"; };
		0FA486D21D3416400075CD9B /* TasksTableViewController.swift */ = {isa = PBXFileReference; fileEncoding = 4; lastKnownFileType = sourcecode.swift; name = TasksTableViewController.swift; path = ../TasksTableViewController.swift; sourceTree = "<group>"; };
		0FA486D41D3433490075CD9B /* TaskTableViewCell.swift */ = {isa = PBXFileReference; fileEncoding = 4; lastKnownFileType = sourcecode.swift; name = TaskTableViewCell.swift; path = ../TaskTableViewCell.swift; sourceTree = "<group>"; };
		0FE40A151D3D9D840097CF01 /* DHNavigationController.swift */ = {isa = PBXFileReference; fileEncoding = 4; lastKnownFileType = sourcecode.swift; path = DHNavigationController.swift; sourceTree = "<group>"; };
		0FE40A161D3D9D840097CF01 /* Int+Extensions.swift */ = {isa = PBXFileReference; fileEncoding = 4; lastKnownFileType = sourcecode.swift; path = "Int+Extensions.swift"; sourceTree = "<group>"; };
		8F407FD40451180A0811EECE /* Pods-Prioto.debug.xcconfig */ = {isa = PBXFileReference; includeInIndex = 1; lastKnownFileType = text.xcconfig; name = "Pods-Prioto.debug.xcconfig"; path = "Pods/Target Support Files/Pods-Prioto/Pods-Prioto.debug.xcconfig"; sourceTree = "<group>"; };
		B984ABDC2173C26660387769 /* Pods-Prioto.release.xcconfig */ = {isa = PBXFileReference; includeInIndex = 1; lastKnownFileType = text.xcconfig; name = "Pods-Prioto.release.xcconfig"; path = "Pods/Target Support Files/Pods-Prioto/Pods-Prioto.release.xcconfig"; sourceTree = "<group>"; };
		BA1247242AB93DDBEAB8C8DD /* Pods_Prioto.framework */ = {isa = PBXFileReference; explicitFileType = wrapper.framework; includeInIndex = 0; path = Pods_Prioto.framework; sourceTree = BUILT_PRODUCTS_DIR; };
/* End PBXFileReference section */

/* Begin PBXFrameworksBuildPhase section */
		0FA486BA1D3406B70075CD9B /* Frameworks */ = {
			isa = PBXFrameworksBuildPhase;
			buildActionMask = 2147483647;
			files = (
				2629B616C9A137A8E2E3E1F6 /* Pods_Prioto.framework in Frameworks */,
			);
			runOnlyForDeploymentPostprocessing = 0;
		};
/* End PBXFrameworksBuildPhase section */

/* Begin PBXGroup section */
		0F167FD91D408C1D0075AEE9 /* MKRingProgressView */ = {
			isa = PBXGroup;
			children = (
				0F167FDA1D408C1D0075AEE9 /* MKGradientGenerator.swift */,
				0F167FDB1D408C1D0075AEE9 /* MKRingProgressView.swift */,
			);
			path = MKRingProgressView;
			sourceTree = "<group>";
		};
		0F167FDE1D4096B00075AEE9 /* ConcentricProgressRingView */ = {
			isa = PBXGroup;
			children = (
				0F167FDF1D4096B00075AEE9 /* Assets */,
				0F167FE11D4096B00075AEE9 /* Classes */,
			);
			path = ConcentricProgressRingView;
			sourceTree = "<group>";
		};
		0F167FDF1D4096B00075AEE9 /* Assets */ = {
			isa = PBXGroup;
			children = (
				0F167FE01D4096B00075AEE9 /* .gitkeep */,
			);
			path = Assets;
			sourceTree = "<group>";
		};
		0F167FE11D4096B00075AEE9 /* Classes */ = {
			isa = PBXGroup;
			children = (
				0F167FE21D4096B00075AEE9 /* .gitkeep */,
				0F167FE31D4096B00075AEE9 /* ConcentricProgressRing.swift */,
			);
			path = Classes;
			sourceTree = "<group>";
		};
		0F6F0F8B1D3956A8001D63B8 /* Helpers */ = {
			isa = PBXGroup;
			children = (
				0F4355401D3C9A7F001764AB /* RealmHelper.swift */,
			);
			path = Helpers;
			sourceTree = "<group>";
		};
		0F84FBC61D47439A001E75E8 /* Tasks */ = {
			isa = PBXGroup;
			children = (
				0F6F0F8B1D3956A8001D63B8 /* Helpers */,
				0FA486D61D34353D0075CD9B /* Controllers */,
				0FA486D71D34353D0075CD9B /* Models */,
				0FA486D81D34353D0075CD9B /* Views */,
			);
			name = Tasks;
			sourceTree = "<group>";
		};
		0FA486B41D3406B70075CD9B = {
			isa = PBXGroup;
			children = (
				0FA486BF1D3406B70075CD9B /* Prioto */,
				0FA486BE1D3406B70075CD9B /* Products */,
				C6AB1C2B659021B9380EF876 /* Pods */,
				6BF8C0732690FCA8601577D6 /* Frameworks */,
			);
			sourceTree = "<group>";
		};
		0FA486BE1D3406B70075CD9B /* Products */ = {
			isa = PBXGroup;
			children = (
				0FA486BD1D3406B70075CD9B /* Prioto.app */,
			);
			name = Products;
			sourceTree = "<group>";
		};
		0FA486BF1D3406B70075CD9B /* Prioto */ = {
			isa = PBXGroup;
			children = (
				0FA486C01D3406B70075CD9B /* AppDelegate.swift */,
				0FA486C41D3406B70075CD9B /* Main.storyboard */,
				0FA486C71D3406B70075CD9B /* Assets.xcassets */,
				0FA486C91D3406B70075CD9B /* LaunchScreen.storyboard */,
				0FA486CC1D3406B70075CD9B /* Info.plist */,
				0FE40A051D3D9D300097CF01 /* Timer */,
				0F84FBC61D47439A001E75E8 /* Tasks */,
			);
			path = Prioto;
			sourceTree = "<group>";
		};
		0FA486D61D34353D0075CD9B /* Controllers */ = {
			isa = PBXGroup;
			children = (
				0F909CEE1D4BE221008C81D1 /* QuickRearrangeTableView.swift */,
				0FA486D21D3416400075CD9B /* TasksTableViewController.swift */,
				0F6E6D361D36AC4200FF8A76 /* DisplayTaskViewController.swift */,
			);
			path = Controllers;
			sourceTree = "<group>";
		};
		0FA486D71D34353D0075CD9B /* Models */ = {
			isa = PBXGroup;
			children = (
			);
			path = Models;
			sourceTree = "<group>";
		};
		0FA486D81D34353D0075CD9B /* Views */ = {
			isa = PBXGroup;
			children = (
				0F167FD91D408C1D0075AEE9 /* MKRingProgressView */,
				0FA486D41D3433490075CD9B /* TaskTableViewCell.swift */,
				0F84FBC71D474478001E75E8 /* PriorityHeaderView.swift */,
				0F84FBC91D474495001E75E8 /* PriorityHeaderView.xib */,
				0F586CCC1D49471300B1697B /* PlaceholderTableViewCell.swift */,
				0F909CF41D4C0209008C81D1 /* TasksTableView.swift */,
			);
			path = Views;
			sourceTree = "<group>";
		};
		0FE40A051D3D9D300097CF01 /* Timer */ = {
			isa = PBXGroup;
			children = (
				0FE40A151D3D9D840097CF01 /* DHNavigationController.swift */,
				0FE40A161D3D9D840097CF01 /* Int+Extensions.swift */,
				0FE40A141D3D9D6B0097CF01 /* Focus */,
				0FE40A061D3D9D360097CF01 /* Style */,
			);
			name = Timer;
			sourceTree = "<group>";
		};
		0FE40A061D3D9D360097CF01 /* Style */ = {
			isa = PBXGroup;
			children = (
			);
			name = Style;
			sourceTree = "<group>";
		};
		0FE40A0B1D3D9D550097CF01 /* Settings */ = {
			isa = PBXGroup;
			children = (
				0F2344D21D41402300FE12B2 /* PreferencesViewController.swift */,
			);
			name = Settings;
			sourceTree = "<group>";
		};
		0FE40A141D3D9D6B0097CF01 /* Focus */ = {
			isa = PBXGroup;
			children = (
				0F167FDE1D4096B00075AEE9 /* ConcentricProgressRingView */,
				0F2D075A1D3FE587007B815A /* NewFocusViewController.swift */,
				0FE40A0B1D3D9D550097CF01 /* Settings */,
			);
			name = Focus;
			sourceTree = "<group>";
		};
		6BF8C0732690FCA8601577D6 /* Frameworks */ = {
			isa = PBXGroup;
			children = (
				BA1247242AB93DDBEAB8C8DD /* Pods_Prioto.framework */,
			);
			name = Frameworks;
			sourceTree = "<group>";
		};
		C6AB1C2B659021B9380EF876 /* Pods */ = {
			isa = PBXGroup;
			children = (
				8F407FD40451180A0811EECE /* Pods-Prioto.debug.xcconfig */,
				B984ABDC2173C26660387769 /* Pods-Prioto.release.xcconfig */,
			);
			name = Pods;
			sourceTree = "<group>";
		};
/* End PBXGroup section */

/* Begin PBXNativeTarget section */
		0FA486BC1D3406B70075CD9B /* Prioto */ = {
			isa = PBXNativeTarget;
			buildConfigurationList = 0FA486CF1D3406B70075CD9B /* Build configuration list for PBXNativeTarget "Prioto" */;
			buildPhases = (
				0DE5DDBF621F68D78C23DCF3 /* [CP] Check Pods Manifest.lock */,
				0FA486B91D3406B70075CD9B /* Sources */,
				0FA486BA1D3406B70075CD9B /* Frameworks */,
				0FA486BB1D3406B70075CD9B /* Resources */,
				D4C9FEF68B10671888B7B1C4 /* [CP] Embed Pods Frameworks */,
				4092D0E1D0FC278C5C1D49D4 /* [CP] Copy Pods Resources */,
			);
			buildRules = (
			);
			dependencies = (
			);
			name = Prioto;
			productName = Prioto;
			productReference = 0FA486BD1D3406B70075CD9B /* Prioto.app */;
			productType = "com.apple.product-type.application";
		};
/* End PBXNativeTarget section */

/* Begin PBXProject section */
		0FA486B51D3406B70075CD9B /* Project object */ = {
			isa = PBXProject;
			attributes = {
				LastSwiftUpdateCheck = 0730;
				LastUpgradeCheck = 0730;
				ORGANIZATIONNAME = Kha;
				TargetAttributes = {
					0FA486BC1D3406B70075CD9B = {
						CreatedOnToolsVersion = 7.3.1;
						DevelopmentTeam = XSM5QKVXW5;
					};
				};
			};
			buildConfigurationList = 0FA486B81D3406B70075CD9B /* Build configuration list for PBXProject "Prioto" */;
			compatibilityVersion = "Xcode 3.2";
			developmentRegion = English;
			hasScannedForEncodings = 0;
			knownRegions = (
				en,
				Base,
			);
			mainGroup = 0FA486B41D3406B70075CD9B;
			productRefGroup = 0FA486BE1D3406B70075CD9B /* Products */;
			projectDirPath = "";
			projectRoot = "";
			targets = (
				0FA486BC1D3406B70075CD9B /* Prioto */,
			);
		};
/* End PBXProject section */

/* Begin PBXResourcesBuildPhase section */
		0FA486BB1D3406B70075CD9B /* Resources */ = {
			isa = PBXResourcesBuildPhase;
			buildActionMask = 2147483647;
			files = (
				0FA486CB1D3406B70075CD9B /* LaunchScreen.storyboard in Resources */,
				0F84FBCA1D474495001E75E8 /* PriorityHeaderView.xib in Resources */,
				0F167FE41D4096B00075AEE9 /* .gitkeep in Resources */,
				0FA486C81D3406B70075CD9B /* Assets.xcassets in Resources */,
				0FA486C61D3406B70075CD9B /* Main.storyboard in Resources */,
				0F167FE51D4096B00075AEE9 /* .gitkeep in Resources */,
			);
			runOnlyForDeploymentPostprocessing = 0;
		};
/* End PBXResourcesBuildPhase section */

/* Begin PBXShellScriptBuildPhase section */
		0DE5DDBF621F68D78C23DCF3 /* [CP] Check Pods Manifest.lock */ = {
			isa = PBXShellScriptBuildPhase;
			buildActionMask = 2147483647;
			files = (
			);
			inputPaths = (
			);
			name = "[CP] Check Pods Manifest.lock";
			outputPaths = (
			);
			runOnlyForDeploymentPostprocessing = 0;
			shellPath = /bin/sh;
			shellScript = "diff \"${PODS_ROOT}/../Podfile.lock\" \"${PODS_ROOT}/Manifest.lock\" > /dev/null\nif [[ $? != 0 ]] ; then\n    cat << EOM\nerror: The sandbox is not in sync with the Podfile.lock. Run 'pod install' or update your CocoaPods installation.\nEOM\n    exit 1\nfi\n";
			showEnvVarsInLog = 0;
		};
		4092D0E1D0FC278C5C1D49D4 /* [CP] Copy Pods Resources */ = {
			isa = PBXShellScriptBuildPhase;
			buildActionMask = 2147483647;
			files = (
			);
			inputPaths = (
			);
			name = "[CP] Copy Pods Resources";
			outputPaths = (
			);
			runOnlyForDeploymentPostprocessing = 0;
			shellPath = /bin/sh;
			shellScript = "\"${SRCROOT}/Pods/Target Support Files/Pods-Prioto/Pods-Prioto-resources.sh\"\n";
			showEnvVarsInLog = 0;
		};
		D4C9FEF68B10671888B7B1C4 /* [CP] Embed Pods Frameworks */ = {
			isa = PBXShellScriptBuildPhase;
			buildActionMask = 2147483647;
			files = (
			);
			inputPaths = (
			);
			name = "[CP] Embed Pods Frameworks";
			outputPaths = (
			);
			runOnlyForDeploymentPostprocessing = 0;
			shellPath = /bin/sh;
			shellScript = "\"${SRCROOT}/Pods/Target Support Files/Pods-Prioto/Pods-Prioto-frameworks.sh\"\n";
			showEnvVarsInLog = 0;
		};
/* End PBXShellScriptBuildPhase section */

/* Begin PBXSourcesBuildPhase section */
		0FA486B91D3406B70075CD9B /* Sources */ = {
			isa = PBXSourcesBuildPhase;
			buildActionMask = 2147483647;
			files = (
				0F909CEF1D4BE221008C81D1 /* QuickRearrangeTableView.swift in Sources */,
				0F2D075B1D3FE587007B815A /* NewFocusViewController.swift in Sources */,
				0F6E6D371D36AC4200FF8A76 /* DisplayTaskViewController.swift in Sources */,
				0F4355411D3C9A7F001764AB /* RealmHelper.swift in Sources */,
				0F2344D31D41402300FE12B2 /* PreferencesViewController.swift in Sources */,
				0F167FDC1D408C1D0075AEE9 /* MKGradientGenerator.swift in Sources */,
				0F167FE61D4096B00075AEE9 /* ConcentricProgressRing.swift in Sources */,
				0F84FBC81D474478001E75E8 /* PriorityHeaderView.swift in Sources */,
				0FA486D31D3416400075CD9B /* TasksTableViewController.swift in Sources */,
				0FA486C11D3406B70075CD9B /* AppDelegate.swift in Sources */,
				0F586CCD1D49471300B1697B /* PlaceholderTableViewCell.swift in Sources */,
				0F167FDD1D408C1D0075AEE9 /* MKRingProgressView.swift in Sources */,
				0FE40A181D3D9D840097CF01 /* Int+Extensions.swift in Sources */,
				0FA486D51D3433490075CD9B /* TaskTableViewCell.swift in Sources */,
				0FE40A171D3D9D840097CF01 /* DHNavigationController.swift in Sources */,
				0F909CF51D4C0209008C81D1 /* TasksTableView.swift in Sources */,
			);
			runOnlyForDeploymentPostprocessing = 0;
		};
/* End PBXSourcesBuildPhase section */

/* Begin PBXVariantGroup section */
		0FA486C41D3406B70075CD9B /* Main.storyboard */ = {
			isa = PBXVariantGroup;
			children = (
				0FA486C51D3406B70075CD9B /* Base */,
			);
			name = Main.storyboard;
			sourceTree = "<group>";
		};
		0FA486C91D3406B70075CD9B /* LaunchScreen.storyboard */ = {
			isa = PBXVariantGroup;
			children = (
				0FA486CA1D3406B70075CD9B /* Base */,
			);
			name = LaunchScreen.storyboard;
			sourceTree = "<group>";
		};
/* End PBXVariantGroup section */

/* Begin XCBuildConfiguration section */
		0FA486CD1D3406B70075CD9B /* Debug */ = {
			isa = XCBuildConfiguration;
			buildSettings = {
				ALWAYS_SEARCH_USER_PATHS = NO;
				CLANG_ANALYZER_NONNULL = YES;
				CLANG_CXX_LANGUAGE_STANDARD = "gnu++0x";
				CLANG_CXX_LIBRARY = "libc++";
				CLANG_ENABLE_MODULES = YES;
				CLANG_ENABLE_OBJC_ARC = YES;
				CLANG_WARN_BOOL_CONVERSION = YES;
				CLANG_WARN_CONSTANT_CONVERSION = YES;
				CLANG_WARN_DIRECT_OBJC_ISA_USAGE = YES_ERROR;
				CLANG_WARN_EMPTY_BODY = YES;
				CLANG_WARN_ENUM_CONVERSION = YES;
				CLANG_WARN_INT_CONVERSION = YES;
				CLANG_WARN_OBJC_ROOT_CLASS = YES_ERROR;
				CLANG_WARN_UNREACHABLE_CODE = YES;
				CLANG_WARN__DUPLICATE_METHOD_MATCH = YES;
				"CODE_SIGN_IDENTITY[sdk=iphoneos*]" = "iPhone Developer";
				COPY_PHASE_STRIP = NO;
				DEBUG_INFORMATION_FORMAT = dwarf;
				ENABLE_STRICT_OBJC_MSGSEND = YES;
				ENABLE_TESTABILITY = YES;
				GCC_C_LANGUAGE_STANDARD = gnu99;
				GCC_DYNAMIC_NO_PIC = NO;
				GCC_NO_COMMON_BLOCKS = YES;
				GCC_OPTIMIZATION_LEVEL = 0;
				GCC_PREPROCESSOR_DEFINITIONS = (
					"DEBUG=1",
					"$(inherited)",
				);
				GCC_WARN_64_TO_32_BIT_CONVERSION = YES;
				GCC_WARN_ABOUT_RETURN_TYPE = YES_ERROR;
				GCC_WARN_UNDECLARED_SELECTOR = YES;
				GCC_WARN_UNINITIALIZED_AUTOS = YES_AGGRESSIVE;
				GCC_WARN_UNUSED_FUNCTION = YES;
				GCC_WARN_UNUSED_VARIABLE = YES;
				IPHONEOS_DEPLOYMENT_TARGET = 9.3;
				MTL_ENABLE_DEBUG_INFO = YES;
				ONLY_ACTIVE_ARCH = YES;
				SDKROOT = iphoneos;
				SWIFT_OPTIMIZATION_LEVEL = "-Onone";
			};
			name = Debug;
		};
		0FA486CE1D3406B70075CD9B /* Release */ = {
			isa = XCBuildConfiguration;
			buildSettings = {
				ALWAYS_SEARCH_USER_PATHS = NO;
				CLANG_ANALYZER_NONNULL = YES;
				CLANG_CXX_LANGUAGE_STANDARD = "gnu++0x";
				CLANG_CXX_LIBRARY = "libc++";
				CLANG_ENABLE_MODULES = YES;
				CLANG_ENABLE_OBJC_ARC = YES;
				CLANG_WARN_BOOL_CONVERSION = YES;
				CLANG_WARN_CONSTANT_CONVERSION = YES;
				CLANG_WARN_DIRECT_OBJC_ISA_USAGE = YES_ERROR;
				CLANG_WARN_EMPTY_BODY = YES;
				CLANG_WARN_ENUM_CONVERSION = YES;
				CLANG_WARN_INT_CONVERSION = YES;
				CLANG_WARN_OBJC_ROOT_CLASS = YES_ERROR;
				CLANG_WARN_UNREACHABLE_CODE = YES;
				CLANG_WARN__DUPLICATE_METHOD_MATCH = YES;
				"CODE_SIGN_IDENTITY[sdk=iphoneos*]" = "iPhone Developer";
				COPY_PHASE_STRIP = NO;
				DEBUG_INFORMATION_FORMAT = "dwarf-with-dsym";
				ENABLE_NS_ASSERTIONS = NO;
				ENABLE_STRICT_OBJC_MSGSEND = YES;
				GCC_C_LANGUAGE_STANDARD = gnu99;
				GCC_NO_COMMON_BLOCKS = YES;
				GCC_WARN_64_TO_32_BIT_CONVERSION = YES;
				GCC_WARN_ABOUT_RETURN_TYPE = YES_ERROR;
				GCC_WARN_UNDECLARED_SELECTOR = YES;
				GCC_WARN_UNINITIALIZED_AUTOS = YES_AGGRESSIVE;
				GCC_WARN_UNUSED_FUNCTION = YES;
				GCC_WARN_UNUSED_VARIABLE = YES;
				IPHONEOS_DEPLOYMENT_TARGET = 9.3;
				MTL_ENABLE_DEBUG_INFO = NO;
				SDKROOT = iphoneos;
				VALIDATE_PRODUCT = YES;
			};
			name = Release;
		};
		0FA486D01D3406B70075CD9B /* Debug */ = {
			isa = XCBuildConfiguration;
			baseConfigurationReference = 8F407FD40451180A0811EECE /* Pods-Prioto.debug.xcconfig */;
			buildSettings = {
				ASSETCATALOG_COMPILER_APPICON_NAME = AppIcon;
				FRAMEWORK_SEARCH_PATHS = (
					"$(inherited)",
					"$(PROJECT_DIR)",
				);
				INFOPLIST_FILE = Prioto/Info.plist;
				LD_RUNPATH_SEARCH_PATHS = "$(inherited) @executable_path/Frameworks";
				PRODUCT_BUNDLE_IDENTIFIER = kha.Prioto;
				PRODUCT_NAME = "$(TARGET_NAME)";
			};
			name = Debug;
		};
		0FA486D11D3406B70075CD9B /* Release */ = {
			isa = XCBuildConfiguration;
			baseConfigurationReference = B984ABDC2173C26660387769 /* Pods-Prioto.release.xcconfig */;
			buildSettings = {
				ASSETCATALOG_COMPILER_APPICON_NAME = AppIcon;
				FRAMEWORK_SEARCH_PATHS = (
					"$(inherited)",
					"$(PROJECT_DIR)",
				);
				INFOPLIST_FILE = Prioto/Info.plist;
				LD_RUNPATH_SEARCH_PATHS = "$(inherited) @executable_path/Frameworks";
				PRODUCT_BUNDLE_IDENTIFIER = kha.Prioto;
				PRODUCT_NAME = "$(TARGET_NAME)";
			};
			name = Release;
		};
/* End XCBuildConfiguration section */

/* Begin XCConfigurationList section */
		0FA486B81D3406B70075CD9B /* Build configuration list for PBXProject "Prioto" */ = {
			isa = XCConfigurationList;
			buildConfigurations = (
				0FA486CD1D3406B70075CD9B /* Debug */,
				0FA486CE1D3406B70075CD9B /* Release */,
			);
			defaultConfigurationIsVisible = 0;
			defaultConfigurationName = Release;
		};
		0FA486CF1D3406B70075CD9B /* Build configuration list for PBXNativeTarget "Prioto" */ = {
			isa = XCConfigurationList;
			buildConfigurations = (
				0FA486D01D3406B70075CD9B /* Debug */,
				0FA486D11D3406B70075CD9B /* Release */,
			);
			defaultConfigurationIsVisible = 0;
			defaultConfigurationName = Release;
		};
/* End XCConfigurationList section */
	};
	rootObject = 0FA486B51D3406B70075CD9B /* Project object */;
}
